// !$*UTF8*$!
{
	archiveVersion = 1;
	classes = {
	};
	objectVersion = 56;
	objects = {

/* Begin PBXBuildFile section */
		D31259172BFBA03E004C61E4 /* Reachability in Frameworks */ = {isa = PBXBuildFile; productRef = D31259162BFBA03E004C61E4 /* Reachability */; };
		D3A0D6872BFBCAF100DCE6DE /* HomeScreen.swift in Sources */ = {isa = PBXBuildFile; fileRef = D3A0D6862BFBCAF100DCE6DE /* HomeScreen.swift */; };
		D3A0D6892BFBCB3A00DCE6DE /* ThreeDaysForecastList.swift in Sources */ = {isa = PBXBuildFile; fileRef = D3A0D6882BFBCB3A00DCE6DE /* ThreeDaysForecastList.swift */; };
		D3A0D68B2BFBCB7900DCE6DE /* ThreeDaysForcastRow.swift in Sources */ = {isa = PBXBuildFile; fileRef = D3A0D68A2BFBCB7900DCE6DE /* ThreeDaysForcastRow.swift */; };
		D3A0D68D2BFBCB9800DCE6DE /* CurrentWeatherDataView.swift in Sources */ = {isa = PBXBuildFile; fileRef = D3A0D68C2BFBCB9800DCE6DE /* CurrentWeatherDataView.swift */; };
		D3A0D68F2BFBCBBF00DCE6DE /* CurrentForecastDetails.swift in Sources */ = {isa = PBXBuildFile; fileRef = D3A0D68E2BFBCBBF00DCE6DE /* CurrentForecastDetails.swift */; };
		D3A0D6922BFBCC0600DCE6DE /* WeatherData.swift in Sources */ = {isa = PBXBuildFile; fileRef = D3A0D6912BFBCC0600DCE6DE /* WeatherData.swift */; };
		D3A0D6962BFBCC4C00DCE6DE /* HourForeastRow.swift in Sources */ = {isa = PBXBuildFile; fileRef = D3A0D6952BFBCC4C00DCE6DE /* HourForeastRow.swift */; };
		D3A0D6982BFBCC6500DCE6DE /* HourlyFourcastList.swift in Sources */ = {isa = PBXBuildFile; fileRef = D3A0D6972BFBCC6500DCE6DE /* HourlyFourcastList.swift */; };
		D3A0D69A2BFBCC8000DCE6DE /* DetailsForecastScreen.swift in Sources */ = {isa = PBXBuildFile; fileRef = D3A0D6992BFBCC8000DCE6DE /* DetailsForecastScreen.swift */; };
		D3A0D69C2BFBCC9600DCE6DE /* WeatherAppApp.swift in Sources */ = {isa = PBXBuildFile; fileRef = D3A0D69B2BFBCC9600DCE6DE /* WeatherAppApp.swift */; };
		D3ACDEE92BF95A6E0064F060 /* NetworkHandler.swift in Sources */ = {isa = PBXBuildFile; fileRef = D3ACDEE82BF95A6E0064F060 /* NetworkHandler.swift */; };
		D3ACDEEB2BF95A800064F060 /* NetworkHandlerProtocol.swift in Sources */ = {isa = PBXBuildFile; fileRef = D3ACDEEA2BF95A800064F060 /* NetworkHandlerProtocol.swift */; };
		D3ACDEF62BF95D3E0064F060 /* HomeViewModel.swift in Sources */ = {isa = PBXBuildFile; fileRef = D3ACDEF52BF95D3E0064F060 /* HomeViewModel.swift */; };
		D3ACDF252BF969B80064F060 /* Kingfisher in Frameworks */ = {isa = PBXBuildFile; productRef = D3ACDF242BF969B80064F060 /* Kingfisher */; };
		D3BC44982BF894ED00D72E24 /* Assets.xcassets in Resources */ = {isa = PBXBuildFile; fileRef = D3BC44972BF894ED00D72E24 /* Assets.xcassets */; };
		D3C2EA892BFA4DD30029F983 /* LocationServices.swift in Sources */ = {isa = PBXBuildFile; fileRef = D3C2EA882BFA4DD30029F983 /* LocationServices.swift */; };
/* End PBXBuildFile section */

/* Begin PBXCopyFilesBuildPhase section */
		D3ACDEFD2BF9629D0064F060 /* Embed Frameworks */ = {
			isa = PBXCopyFilesBuildPhase;
			buildActionMask = 2147483647;
			dstPath = "";
			dstSubfolderSpec = 10;
			files = (
			);
			name = "Embed Frameworks";
			runOnlyForDeploymentPostprocessing = 0;
		};
/* End PBXCopyFilesBuildPhase section */

/* Begin PBXFileReference section */
		D3A0D6862BFBCAF100DCE6DE /* HomeScreen.swift */ = {isa = PBXFileReference; lastKnownFileType = sourcecode.swift; path = HomeScreen.swift; sourceTree = "<group>"; };
		D3A0D6882BFBCB3A00DCE6DE /* ThreeDaysForecastList.swift */ = {isa = PBXFileReference; lastKnownFileType = sourcecode.swift; path = ThreeDaysForecastList.swift; sourceTree = "<group>"; };
		D3A0D68A2BFBCB7900DCE6DE /* ThreeDaysForcastRow.swift */ = {isa = PBXFileReference; lastKnownFileType = sourcecode.swift; path = ThreeDaysForcastRow.swift; sourceTree = "<group>"; };
		D3A0D68C2BFBCB9800DCE6DE /* CurrentWeatherDataView.swift */ = {isa = PBXFileReference; lastKnownFileType = sourcecode.swift; path = CurrentWeatherDataView.swift; sourceTree = "<group>"; };
		D3A0D68E2BFBCBBF00DCE6DE /* CurrentForecastDetails.swift */ = {isa = PBXFileReference; lastKnownFileType = sourcecode.swift; path = CurrentForecastDetails.swift; sourceTree = "<group>"; };
		D3A0D6912BFBCC0600DCE6DE /* WeatherData.swift */ = {isa = PBXFileReference; lastKnownFileType = sourcecode.swift; path = WeatherData.swift; sourceTree = "<group>"; };
		D3A0D6952BFBCC4C00DCE6DE /* HourForeastRow.swift */ = {isa = PBXFileReference; lastKnownFileType = sourcecode.swift; path = HourForeastRow.swift; sourceTree = "<group>"; };
		D3A0D6972BFBCC6500DCE6DE /* HourlyFourcastList.swift */ = {isa = PBXFileReference; lastKnownFileType = sourcecode.swift; path = HourlyFourcastList.swift; sourceTree = "<group>"; };
		D3A0D6992BFBCC8000DCE6DE /* DetailsForecastScreen.swift */ = {isa = PBXFileReference; lastKnownFileType = sourcecode.swift; path = DetailsForecastScreen.swift; sourceTree = "<group>"; };
		D3A0D69B2BFBCC9600DCE6DE /* WeatherAppApp.swift */ = {isa = PBXFileReference; lastKnownFileType = sourcecode.swift; path = WeatherAppApp.swift; sourceTree = "<group>"; };
		D3ACDEE82BF95A6E0064F060 /* NetworkHandler.swift */ = {isa = PBXFileReference; lastKnownFileType = sourcecode.swift; path = NetworkHandler.swift; sourceTree = "<group>"; };
		D3ACDEEA2BF95A800064F060 /* NetworkHandlerProtocol.swift */ = {isa = PBXFileReference; lastKnownFileType = sourcecode.swift; path = NetworkHandlerProtocol.swift; sourceTree = "<group>"; };
		D3ACDEF52BF95D3E0064F060 /* HomeViewModel.swift */ = {isa = PBXFileReference; lastKnownFileType = sourcecode.swift; path = HomeViewModel.swift; sourceTree = "<group>"; };
		D3BC44902BF894EB00D72E24 /* WeatherApp.app */ = {isa = PBXFileReference; explicitFileType = wrapper.application; includeInIndex = 0; path = WeatherApp.app; sourceTree = BUILT_PRODUCTS_DIR; };
		D3BC44972BF894ED00D72E24 /* Assets.xcassets */ = {isa = PBXFileReference; lastKnownFileType = folder.assetcatalog; path = Assets.xcassets; sourceTree = "<group>"; };
		D3C2EA852BFA49E40029F983 /* Info.plist */ = {isa = PBXFileReference; lastKnownFileType = text.plist; path = Info.plist; sourceTree = "<group>"; };
		D3C2EA882BFA4DD30029F983 /* LocationServices.swift */ = {isa = PBXFileReference; lastKnownFileType = sourcecode.swift; path = LocationServices.swift; sourceTree = "<group>"; };
/* End PBXFileReference section */

/* Begin PBXFrameworksBuildPhase section */
		D3BC448D2BF894EB00D72E24 /* Frameworks */ = {
			isa = PBXFrameworksBuildPhase;
			buildActionMask = 2147483647;
			files = (
				D3ACDF252BF969B80064F060 /* Kingfisher in Frameworks */,
				D31259172BFBA03E004C61E4 /* Reachability in Frameworks */,
			);
			runOnlyForDeploymentPostprocessing = 0;
		};
/* End PBXFrameworksBuildPhase section */

/* Begin PBXGroup section */
		D3A0D6852BFBCA8B00DCE6DE /* Network services  */ = {
			isa = PBXGroup;
			children = (
				D3ACDEE82BF95A6E0064F060 /* NetworkHandler.swift */,
				D3ACDEEA2BF95A800064F060 /* NetworkHandlerProtocol.swift */,
			);
			path = "Network services ";
			sourceTree = "<group>";
		};
		D3A0D6902BFBCBF500DCE6DE /* Models */ = {
			isa = PBXGroup;
			children = (
				D3A0D6912BFBCC0600DCE6DE /* WeatherData.swift */,
			);
			path = Models;
			sourceTree = "<group>";
		};
		D3A0D6932BFBCC2500DCE6DE /* DayWeatherDetailsScreen */ = {
			isa = PBXGroup;
			children = (
				D3A0D6942BFBCC3800DCE6DE /* Views */,
			);
			path = DayWeatherDetailsScreen;
			sourceTree = "<group>";
		};
		D3A0D6942BFBCC3800DCE6DE /* Views */ = {
			isa = PBXGroup;
			children = (
				D3A0D6952BFBCC4C00DCE6DE /* HourForeastRow.swift */,
				D3A0D6972BFBCC6500DCE6DE /* HourlyFourcastList.swift */,
				D3A0D6992BFBCC8000DCE6DE /* DetailsForecastScreen.swift */,
			);
			path = Views;
			sourceTree = "<group>";
		};
		D3A0D69D2BFBCCC600DCE6DE /* Views */ = {
			isa = PBXGroup;
			children = (
				D3A0D69B2BFBCC9600DCE6DE /* WeatherAppApp.swift */,
			);
			path = Views;
			sourceTree = "<group>";
		};
		D3ACDEE72BF95A5A0064F060 /* Services */ = {
			isa = PBXGroup;
			children = (
				D3C2EA872BFA4DC10029F983 /* LocationServices */,
				D3A0D6852BFBCA8B00DCE6DE /* Network services  */,
			);
			path = Services;
			sourceTree = "<group>";
		};
		D3ACDEF12BF95D030064F060 /* HomeScreen */ = {
			isa = PBXGroup;
			children = (
				D3ACDEF32BF95D190064F060 /* ViewModel */,
				D3ACDEF22BF95D100064F060 /* View */,
			);
			path = HomeScreen;
			sourceTree = "<group>";
		};
		D3ACDEF22BF95D100064F060 /* View */ = {
			isa = PBXGroup;
			children = (
				D3A0D6862BFBCAF100DCE6DE /* HomeScreen.swift */,
				D3A0D6882BFBCB3A00DCE6DE /* ThreeDaysForecastList.swift */,
				D3A0D68A2BFBCB7900DCE6DE /* ThreeDaysForcastRow.swift */,
				D3A0D68C2BFBCB9800DCE6DE /* CurrentWeatherDataView.swift */,
				D3A0D68E2BFBCBBF00DCE6DE /* CurrentForecastDetails.swift */,
			);
			path = View;
			sourceTree = "<group>";
		};
		D3ACDEF32BF95D190064F060 /* ViewModel */ = {
			isa = PBXGroup;
			children = (
				D3ACDEF52BF95D3E0064F060 /* HomeViewModel.swift */,
			);
			path = ViewModel;
			sourceTree = "<group>";
		};
		D3BC44872BF894EB00D72E24 = {
			isa = PBXGroup;
			children = (
				D3BC44922BF894EB00D72E24 /* WeatherApp */,
				D3BC44912BF894EB00D72E24 /* Products */,
			);
			sourceTree = "<group>";
		};
		D3BC44912BF894EB00D72E24 /* Products */ = {
			isa = PBXGroup;
			children = (
				D3BC44902BF894EB00D72E24 /* WeatherApp.app */,
			);
			name = Products;
			sourceTree = "<group>";
		};
		D3BC44922BF894EB00D72E24 /* WeatherApp */ = {
			isa = PBXGroup;
			children = (
				D3A0D6932BFBCC2500DCE6DE /* DayWeatherDetailsScreen */,
				D3A0D6902BFBCBF500DCE6DE /* Models */,
				D3C2EA852BFA49E40029F983 /* Info.plist */,
				D3ACDEF12BF95D030064F060 /* HomeScreen */,
				D3ACDEE72BF95A5A0064F060 /* Services */,
				D3BC44972BF894ED00D72E24 /* Assets.xcassets */,
				D3A0D69D2BFBCCC600DCE6DE /* Views */,
			);
			path = WeatherApp;
			sourceTree = "<group>";
		};
		D3C2EA872BFA4DC10029F983 /* LocationServices */ = {
			isa = PBXGroup;
			children = (
				D3C2EA882BFA4DD30029F983 /* LocationServices.swift */,
			);
			path = LocationServices;
			sourceTree = "<group>";
		};
/* End PBXGroup section */

/* Begin PBXNativeTarget section */
		D3BC448F2BF894EB00D72E24 /* WeatherApp */ = {
			isa = PBXNativeTarget;
			buildConfigurationList = D3BC44B42BF894ED00D72E24 /* Build configuration list for PBXNativeTarget "WeatherApp" */;
			buildPhases = (
				D3BC448C2BF894EB00D72E24 /* Sources */,
				D3BC448D2BF894EB00D72E24 /* Frameworks */,
				D3BC448E2BF894EB00D72E24 /* Resources */,
				D3ACDEFD2BF9629D0064F060 /* Embed Frameworks */,
			);
			buildRules = (
			);
			dependencies = (
			);
			name = WeatherApp;
			packageProductDependencies = (
				D3ACDF242BF969B80064F060 /* Kingfisher */,
				D31259162BFBA03E004C61E4 /* Reachability */,
			);
			productName = WeatherApp;
			productReference = D3BC44902BF894EB00D72E24 /* WeatherApp.app */;
			productType = "com.apple.product-type.application";
		};
/* End PBXNativeTarget section */

/* Begin PBXProject section */
		D3BC44882BF894EB00D72E24 /* Project object */ = {
			isa = PBXProject;
			attributes = {
				BuildIndependentTargetsInParallel = 1;
				LastSwiftUpdateCheck = 1530;
				LastUpgradeCheck = 1530;
				TargetAttributes = {
					D3BC448F2BF894EB00D72E24 = {
						CreatedOnToolsVersion = 15.3;
					};
				};
			};
			buildConfigurationList = D3BC448B2BF894EB00D72E24 /* Build configuration list for PBXProject "WeatherApp" */;
			compatibilityVersion = "Xcode 14.0";
			developmentRegion = en;
			hasScannedForEncodings = 0;
			knownRegions = (
				en,
				Base,
			);
			mainGroup = D3BC44872BF894EB00D72E24;
			packageReferences = (
				D3ACDF232BF969B80064F060 /* XCRemoteSwiftPackageReference "Kingfisher" */,
				D31259152BFBA03E004C61E4 /* XCRemoteSwiftPackageReference "Reachability" */,
			);
			productRefGroup = D3BC44912BF894EB00D72E24 /* Products */;
			projectDirPath = "";
			projectRoot = "";
			targets = (
				D3BC448F2BF894EB00D72E24 /* WeatherApp */,
			);
		};
/* End PBXProject section */

/* Begin PBXResourcesBuildPhase section */
		D3BC448E2BF894EB00D72E24 /* Resources */ = {
			isa = PBXResourcesBuildPhase;
			buildActionMask = 2147483647;
			files = (
				D3BC44982BF894ED00D72E24 /* Assets.xcassets in Resources */,
			);
			runOnlyForDeploymentPostprocessing = 0;
		};
/* End PBXResourcesBuildPhase section */

/* Begin PBXSourcesBuildPhase section */
		D3BC448C2BF894EB00D72E24 /* Sources */ = {
			isa = PBXSourcesBuildPhase;
			buildActionMask = 2147483647;
			files = (
				D3A0D6922BFBCC0600DCE6DE /* WeatherData.swift in Sources */,
				D3ACDEEB2BF95A800064F060 /* NetworkHandlerProtocol.swift in Sources */,
				D3A0D6872BFBCAF100DCE6DE /* HomeScreen.swift in Sources */,
				D3A0D6982BFBCC6500DCE6DE /* HourlyFourcastList.swift in Sources */,
				D3ACDEE92BF95A6E0064F060 /* NetworkHandler.swift in Sources */,
				D3ACDEF62BF95D3E0064F060 /* HomeViewModel.swift in Sources */,
				D3A0D6962BFBCC4C00DCE6DE /* HourForeastRow.swift in Sources */,
				D3C2EA892BFA4DD30029F983 /* LocationServices.swift in Sources */,
				D3A0D6892BFBCB3A00DCE6DE /* ThreeDaysForecastList.swift in Sources */,
				D3A0D68B2BFBCB7900DCE6DE /* ThreeDaysForcastRow.swift in Sources */,
				D3A0D69A2BFBCC8000DCE6DE /* DetailsForecastScreen.swift in Sources */,
				D3A0D68D2BFBCB9800DCE6DE /* CurrentWeatherDataView.swift in Sources */,
				D3A0D68F2BFBCBBF00DCE6DE /* CurrentForecastDetails.swift in Sources */,
				D3A0D69C2BFBCC9600DCE6DE /* WeatherAppApp.swift in Sources */,
			);
			runOnlyForDeploymentPostprocessing = 0;
		};
/* End PBXSourcesBuildPhase section */

/* Begin XCBuildConfiguration section */
		D3BC44B22BF894ED00D72E24 /* Debug */ = {
			isa = XCBuildConfiguration;
			buildSettings = {
				ALWAYS_SEARCH_USER_PATHS = NO;
				ASSETCATALOG_COMPILER_GENERATE_SWIFT_ASSET_SYMBOL_EXTENSIONS = YES;
				CLANG_ANALYZER_NONNULL = YES;
				CLANG_ANALYZER_NUMBER_OBJECT_CONVERSION = YES_AGGRESSIVE;
				CLANG_CXX_LANGUAGE_STANDARD = "gnu++20";
				CLANG_ENABLE_MODULES = YES;
				CLANG_ENABLE_OBJC_ARC = YES;
				CLANG_ENABLE_OBJC_WEAK = YES;
				CLANG_WARN_BLOCK_CAPTURE_AUTORELEASING = YES;
				CLANG_WARN_BOOL_CONVERSION = YES;
				CLANG_WARN_COMMA = YES;
				CLANG_WARN_CONSTANT_CONVERSION = YES;
				CLANG_WARN_DEPRECATED_OBJC_IMPLEMENTATIONS = YES;
				CLANG_WARN_DIRECT_OBJC_ISA_USAGE = YES_ERROR;
				CLANG_WARN_DOCUMENTATION_COMMENTS = YES;
				CLANG_WARN_EMPTY_BODY = YES;
				CLANG_WARN_ENUM_CONVERSION = YES;
				CLANG_WARN_INFINITE_RECURSION = YES;
				CLANG_WARN_INT_CONVERSION = YES;
				CLANG_WARN_NON_LITERAL_NULL_CONVERSION = YES;
				CLANG_WARN_OBJC_IMPLICIT_RETAIN_SELF = YES;
				CLANG_WARN_OBJC_LITERAL_CONVERSION = YES;
				CLANG_WARN_OBJC_ROOT_CLASS = YES_ERROR;
				CLANG_WARN_QUOTED_INCLUDE_IN_FRAMEWORK_HEADER = YES;
				CLANG_WARN_RANGE_LOOP_ANALYSIS = YES;
				CLANG_WARN_STRICT_PROTOTYPES = YES;
				CLANG_WARN_SUSPICIOUS_MOVE = YES;
				CLANG_WARN_UNGUARDED_AVAILABILITY = YES_AGGRESSIVE;
				CLANG_WARN_UNREACHABLE_CODE = YES;
				CLANG_WARN__DUPLICATE_METHOD_MATCH = YES;
				COPY_PHASE_STRIP = NO;
				DEBUG_INFORMATION_FORMAT = dwarf;
				ENABLE_STRICT_OBJC_MSGSEND = YES;
				ENABLE_TESTABILITY = YES;
				ENABLE_USER_SCRIPT_SANDBOXING = YES;
				GCC_C_LANGUAGE_STANDARD = gnu17;
				GCC_DYNAMIC_NO_PIC = NO;
				GCC_NO_COMMON_BLOCKS = YES;
				GCC_OPTIMIZATION_LEVEL = 0;
				GCC_PREPROCESSOR_DEFINITIONS = (
					"DEBUG=1",
					"$(inherited)",
				);
				GCC_WARN_64_TO_32_BIT_CONVERSION = YES;
				GCC_WARN_ABOUT_RETURN_TYPE = YES_ERROR;
				GCC_WARN_UNDECLARED_SELECTOR = YES;
				GCC_WARN_UNINITIALIZED_AUTOS = YES_AGGRESSIVE;
				GCC_WARN_UNUSED_FUNCTION = YES;
				GCC_WARN_UNUSED_VARIABLE = YES;
				IPHONEOS_DEPLOYMENT_TARGET = 17.4;
				LOCALIZATION_PREFERS_STRING_CATALOGS = YES;
				MTL_ENABLE_DEBUG_INFO = INCLUDE_SOURCE;
				MTL_FAST_MATH = YES;
				ONLY_ACTIVE_ARCH = YES;
				SDKROOT = iphoneos;
				SWIFT_ACTIVE_COMPILATION_CONDITIONS = "DEBUG $(inherited)";
				SWIFT_OPTIMIZATION_LEVEL = "-Onone";
			};
			name = Debug;
		};
		D3BC44B32BF894ED00D72E24 /* Release */ = {
			isa = XCBuildConfiguration;
			buildSettings = {
				ALWAYS_SEARCH_USER_PATHS = NO;
				ASSETCATALOG_COMPILER_GENERATE_SWIFT_ASSET_SYMBOL_EXTENSIONS = YES;
				CLANG_ANALYZER_NONNULL = YES;
				CLANG_ANALYZER_NUMBER_OBJECT_CONVERSION = YES_AGGRESSIVE;
				CLANG_CXX_LANGUAGE_STANDARD = "gnu++20";
				CLANG_ENABLE_MODULES = YES;
				CLANG_ENABLE_OBJC_ARC = YES;
				CLANG_ENABLE_OBJC_WEAK = YES;
				CLANG_WARN_BLOCK_CAPTURE_AUTORELEASING = YES;
				CLANG_WARN_BOOL_CONVERSION = YES;
				CLANG_WARN_COMMA = YES;
				CLANG_WARN_CONSTANT_CONVERSION = YES;
				CLANG_WARN_DEPRECATED_OBJC_IMPLEMENTATIONS = YES;
				CLANG_WARN_DIRECT_OBJC_ISA_USAGE = YES_ERROR;
				CLANG_WARN_DOCUMENTATION_COMMENTS = YES;
				CLANG_WARN_EMPTY_BODY = YES;
				CLANG_WARN_ENUM_CONVERSION = YES;
				CLANG_WARN_INFINITE_RECURSION = YES;
				CLANG_WARN_INT_CONVERSION = YES;
				CLANG_WARN_NON_LITERAL_NULL_CONVERSION = YES;
				CLANG_WARN_OBJC_IMPLICIT_RETAIN_SELF = YES;
				CLANG_WARN_OBJC_LITERAL_CONVERSION = YES;
				CLANG_WARN_OBJC_ROOT_CLASS = YES_ERROR;
				CLANG_WARN_QUOTED_INCLUDE_IN_FRAMEWORK_HEADER = YES;
				CLANG_WARN_RANGE_LOOP_ANALYSIS = YES;
				CLANG_WARN_STRICT_PROTOTYPES = YES;
				CLANG_WARN_SUSPICIOUS_MOVE = YES;
				CLANG_WARN_UNGUARDED_AVAILABILITY = YES_AGGRESSIVE;
				CLANG_WARN_UNREACHABLE_CODE = YES;
				CLANG_WARN__DUPLICATE_METHOD_MATCH = YES;
				COPY_PHASE_STRIP = NO;
				DEBUG_INFORMATION_FORMAT = "dwarf-with-dsym";
				ENABLE_NS_ASSERTIONS = NO;
				ENABLE_STRICT_OBJC_MSGSEND = YES;
				ENABLE_USER_SCRIPT_SANDBOXING = YES;
				GCC_C_LANGUAGE_STANDARD = gnu17;
				GCC_NO_COMMON_BLOCKS = YES;
				GCC_WARN_64_TO_32_BIT_CONVERSION = YES;
				GCC_WARN_ABOUT_RETURN_TYPE = YES_ERROR;
				GCC_WARN_UNDECLARED_SELECTOR = YES;
				GCC_WARN_UNINITIALIZED_AUTOS = YES_AGGRESSIVE;
				GCC_WARN_UNUSED_FUNCTION = YES;
				GCC_WARN_UNUSED_VARIABLE = YES;
				IPHONEOS_DEPLOYMENT_TARGET = 17.4;
				LOCALIZATION_PREFERS_STRING_CATALOGS = YES;
				MTL_ENABLE_DEBUG_INFO = NO;
				MTL_FAST_MATH = YES;
				SDKROOT = iphoneos;
				SWIFT_COMPILATION_MODE = wholemodule;
				VALIDATE_PRODUCT = YES;
			};
			name = Release;
		};
		D3BC44B52BF894ED00D72E24 /* Debug */ = {
			isa = XCBuildConfiguration;
			buildSettings = {
				ASSETCATALOG_COMPILER_APPICON_NAME = AppIcon;
				ASSETCATALOG_COMPILER_GLOBAL_ACCENT_COLOR_NAME = AccentColor;
				CODE_SIGN_STYLE = Automatic;
				CURRENT_PROJECT_VERSION = 1;
				ENABLE_PREVIEWS = YES;
				GENERATE_INFOPLIST_FILE = YES;
				INFOPLIST_FILE = WeatherApp/Info.plist;
				INFOPLIST_KEY_UIApplicationSceneManifest_Generation = YES;
				INFOPLIST_KEY_UIApplicationSupportsIndirectInputEvents = YES;
				INFOPLIST_KEY_UILaunchScreen_Generation = YES;
				INFOPLIST_KEY_UISupportedInterfaceOrientations_iPad = "UIInterfaceOrientationPortrait UIInterfaceOrientationPortraitUpsideDown UIInterfaceOrientationLandscapeLeft UIInterfaceOrientationLandscapeRight";
				INFOPLIST_KEY_UISupportedInterfaceOrientations_iPhone = "UIInterfaceOrientationPortrait UIInterfaceOrientationLandscapeLeft UIInterfaceOrientationLandscapeRight";
				LD_RUNPATH_SEARCH_PATHS = (
					"$(inherited)",
					"@executable_path/Frameworks",
				);
				MARKETING_VERSION = 1.0;
				PRODUCT_BUNDLE_IDENTIFIER = ITI.WeatherApp;
				PRODUCT_NAME = "$(TARGET_NAME)";
				SWIFT_EMIT_LOC_STRINGS = YES;
				SWIFT_VERSION = 5.0;
				TARGETED_DEVICE_FAMILY = "1,2";
			};
			name = Debug;
		};
		D3BC44B62BF894ED00D72E24 /* Release */ = {
			isa = XCBuildConfiguration;
			buildSettings = {
				ASSETCATALOG_COMPILER_APPICON_NAME = AppIcon;
				ASSETCATALOG_COMPILER_GLOBAL_ACCENT_COLOR_NAME = AccentColor;
				CODE_SIGN_STYLE = Automatic;
				CURRENT_PROJECT_VERSION = 1;
				ENABLE_PREVIEWS = YES;
				GENERATE_INFOPLIST_FILE = YES;
				INFOPLIST_FILE = WeatherApp/Info.plist;
				INFOPLIST_KEY_UIApplicationSceneManifest_Generation = YES;
				INFOPLIST_KEY_UIApplicationSupportsIndirectInputEvents = YES;
				INFOPLIST_KEY_UILaunchScreen_Generation = YES;
				INFOPLIST_KEY_UISupportedInterfaceOrientations_iPad = "UIInterfaceOrientationPortrait UIInterfaceOrientationPortraitUpsideDown UIInterfaceOrientationLandscapeLeft UIInterfaceOrientationLandscapeRight";
				INFOPLIST_KEY_UISupportedInterfaceOrientations_iPhone = "UIInterfaceOrientationPortrait UIInterfaceOrientationLandscapeLeft UIInterfaceOrientationLandscapeRight";
				LD_RUNPATH_SEARCH_PATHS = (
					"$(inherited)",
					"@executable_path/Frameworks",
				);
				MARKETING_VERSION = 1.0;
				PRODUCT_BUNDLE_IDENTIFIER = ITI.WeatherApp;
				PRODUCT_NAME = "$(TARGET_NAME)";
				SWIFT_EMIT_LOC_STRINGS = YES;
				SWIFT_VERSION = 5.0;
				TARGETED_DEVICE_FAMILY = "1,2";
			};
			name = Release;
		};
/* End XCBuildConfiguration section */

/* Begin XCConfigurationList section */
		D3BC448B2BF894EB00D72E24 /* Build configuration list for PBXProject "WeatherApp" */ = {
			isa = XCConfigurationList;
			buildConfigurations = (
				D3BC44B22BF894ED00D72E24 /* Debug */,
				D3BC44B32BF894ED00D72E24 /* Release */,
			);
			defaultConfigurationIsVisible = 0;
			defaultConfigurationName = Release;
		};
		D3BC44B42BF894ED00D72E24 /* Build configuration list for PBXNativeTarget "WeatherApp" */ = {
			isa = XCConfigurationList;
			buildConfigurations = (
				D3BC44B52BF894ED00D72E24 /* Debug */,
				D3BC44B62BF894ED00D72E24 /* Release */,
			);
			defaultConfigurationIsVisible = 0;
			defaultConfigurationName = Release;
		};
/* End XCConfigurationList section */

/* Begin XCRemoteSwiftPackageReference section */
		D31259152BFBA03E004C61E4 /* XCRemoteSwiftPackageReference "Reachability" */ = {
			isa = XCRemoteSwiftPackageReference;
			repositoryURL = "https://github.com/ashleymills/Reachability.swift";
			requirement = {
				branch = master;
				kind = branch;
			};
		};
		D3ACDF232BF969B80064F060 /* XCRemoteSwiftPackageReference "Kingfisher" */ = {
			isa = XCRemoteSwiftPackageReference;
			repositoryURL = "https://github.com/onevcat/Kingfisher.git";
			requirement = {
				kind = upToNextMajorVersion;
				minimumVersion = 7.11.0;
			};
		};
/* End XCRemoteSwiftPackageReference section */

/* Begin XCSwiftPackageProductDependency section */
		D31259162BFBA03E004C61E4 /* Reachability */ = {
			isa = XCSwiftPackageProductDependency;
			package = D31259152BFBA03E004C61E4 /* XCRemoteSwiftPackageReference "Reachability" */;
			productName = Reachability;
		};
		D3ACDF242BF969B80064F060 /* Kingfisher */ = {
			isa = XCSwiftPackageProductDependency;
			package = D3ACDF232BF969B80064F060 /* XCRemoteSwiftPackageReference "Kingfisher" */;
			productName = Kingfisher;
		};
/* End XCSwiftPackageProductDependency section */
	};
	rootObject = D3BC44882BF894EB00D72E24 /* Project object */;
}
