{
  "originHash" : "6bd827e51d1b60746de11ba6ecf5e4580b107d69e882f5659491a6dc61eb0f4a",
  "pins" : [
    {
      "identity" : "kingfisher",
      "kind" : "remoteSourceControl",
      "location" : "https://github.com/onevcat/Kingfisher.git",
      "state" : {
        "revision" : "5b92f029fab2cce44386d28588098b5be0824ef5",
        "version" : "7.11.0"
      }
    },
    {
      "identity" : "reachability.swift",
      "kind" : "remoteSourceControl",
      "location" : "https://github.com/ashleymills/Reachability.swift",
      "state" : {
        "branch" : "master",
        "revision" : "57da4b1270cab7c2228919eabc0e4e1bf93e48ea"
      }
    }
  ],
  "version" : 3
}
